
Microsoft Visual Studio Solution File, Format Version 12.00
# Visual Studio Version 17
VisualStudioVersion = 17.10.35013.160
MinimumVisualStudioVersion = 10.0.40219.1
Project("{FAE04EC0-301F-11D3-BF4B-00C04F79EFBC}") = "lab1", "lab1\lab1.csproj", "{24ED4B88-B226-41DF-ACF8-8DFF4D091701}"
EndProject
Global
	GlobalSection(SolutionConfigurationPlatforms) = preSolution
		Debug|Any CPU = Debug|Any CPU
		Release|Any CPU = Release|Any CPU
	EndGlobalSection
	GlobalSection(ProjectConfigurationPlatforms) = postSolution
		{24ED4B88-B226-41DF-ACF8-8DFF4D091701}.Debug|Any CPU.ActiveCfg = Debug|Any CPU
		{24ED4B88-B226-41DF-ACF8-8DFF4D091701}.Debug|Any CPU.Build.0 = Debug|Any CPU
		{24ED4B88-B226-41DF-ACF8-8DFF4D091701}.Release|Any CPU.ActiveCfg = Release|Any CPU
		{24ED4B88-B226-41DF-ACF8-8DFF4D091701}.Release|Any CPU.Build.0 = Release|Any CPU
	EndGlobalSection
	GlobalSection(SolutionProperties) = preSolution
		HideSolutionNode = FALSE
	EndGlobalSection
	GlobalSection(ExtensibilityGlobals) = postSolution
		SolutionGuid = {6FAC9F34-DFDE-4B9A-89B6-0D6E4627A27E}
	EndGlobalSection
EndGlobal
